
Microsoft Visual Studio Solution File, Format Version 12.00
# Visual Studio Version 17
VisualStudioVersion = 17.14.37027.9 d17.14
MinimumVisualStudioVersion = 10.0.40219.1
Project("{FAE04EC0-301F-11D3-BF4B-00C04F79EFBC}") = "Event Management System", "Event Management System\Event Management System.csproj", "{6FEA3576-2295-496F-A3C2-2E06282B8DF3}"
EndProject
Global
	GlobalSection(SolutionConfigurationPlatforms) = preSolution
		Debug|Any CPU = Debug|Any CPU
		Release|Any CPU = Release|Any CPU
	EndGlobalSection
	GlobalSection(ProjectConfigurationPlatforms) = postSolution
		{6FEA3576-2295-496F-A3C2-2E06282B8DF3}.Debug|Any CPU.ActiveCfg = Debug|Any CPU
		{6FEA3576-2295-496F-A3C2-2E06282B8DF3}.Debug|Any CPU.Build.0 = Debug|Any CPU
		{6FEA3576-2295-496F-A3C2-2E06282B8DF3}.Release|Any CPU.ActiveCfg = Release|Any CPU
		{6FEA3576-2295-496F-A3C2-2E06282B8DF3}.Release|Any CPU.Build.0 = Release|Any CPU
	EndGlobalSection
	GlobalSection(SolutionProperties) = preSolution
		HideSolutionNode = FALSE
	EndGlobalSection
	GlobalSection(ExtensibilityGlobals) = postSolution
		SolutionGuid = {5D17C1A6-327A-4530-9FEC-C9633659E9DE}
	EndGlobalSection
EndGlobal
